
Microsoft Visual Studio Solution File, Format Version 12.00
# Visual Studio Version 16
VisualStudioVersion = 16.0.29318.209
MinimumVisualStudioVersion = 10.0.40219.1
Project("{FAE04EC0-301F-11D3-BF4B-00C04F79EFBC}") = "TextTranslater", "TextTranslater\TextTranslater.csproj", "{29404DD7-055E-446A-A2E6-9F25D36D7B88}"
EndProject
Global
	GlobalSection(SolutionConfigurationPlatforms) = preSolution
		Debug|Any CPU = Debug|Any CPU
		Release|Any CPU = Release|Any CPU
	EndGlobalSection
	GlobalSection(ProjectConfigurationPlatforms) = postSolution
		{29404DD7-055E-446A-A2E6-9F25D36D7B88}.Debug|Any CPU.ActiveCfg = Debug|Any CPU
		{29404DD7-055E-446A-A2E6-9F25D36D7B88}.Debug|Any CPU.Build.0 = Debug|Any CPU
		{29404DD7-055E-446A-A2E6-9F25D36D7B88}.Release|Any CPU.ActiveCfg = Release|Any CPU
		{29404DD7-055E-446A-A2E6-9F25D36D7B88}.Release|Any CPU.Build.0 = Release|Any CPU
	EndGlobalSection
	GlobalSection(SolutionProperties) = preSolution
		HideSolutionNode = FALSE
	EndGlobalSection
	GlobalSection(ExtensibilityGlobals) = postSolution
		SolutionGuid = {14B70006-3078-4A92-8A22-5B4B02EBBD69}
	EndGlobalSection
EndGlobal
